
Microsoft Visual Studio Solution File, Format Version 12.00
# Visual Studio 15
VisualStudioVersion = 15.0.28307.271
MinimumVisualStudioVersion = 10.0.40219.1
Project("{FAE04EC0-301F-11D3-BF4B-00C04F79EFBC}") = "FederalIncomeTaxCalculator", "FederalIncomeTaxCalculator\FederalIncomeTaxCalculator.csproj", "{21D0727D-99CB-44DD-925D-57BAB5F858E8}"
EndProject
Global
	GlobalSection(SolutionConfigurationPlatforms) = preSolution
		Debug|Any CPU = Debug|Any CPU
		Release|Any CPU = Release|Any CPU
	EndGlobalSection
	GlobalSection(ProjectConfigurationPlatforms) = postSolution
		{21D0727D-99CB-44DD-925D-57BAB5F858E8}.Debug|Any CPU.ActiveCfg = Debug|Any CPU
		{21D0727D-99CB-44DD-925D-57BAB5F858E8}.Debug|Any CPU.Build.0 = Debug|Any CPU
		{21D0727D-99CB-44DD-925D-57BAB5F858E8}.Release|Any CPU.ActiveCfg = Release|Any CPU
		{21D0727D-99CB-44DD-925D-57BAB5F858E8}.Release|Any CPU.Build.0 = Release|Any CPU
	EndGlobalSection
	GlobalSection(SolutionProperties) = preSolution
		HideSolutionNode = FALSE
	EndGlobalSection
	GlobalSection(ExtensibilityGlobals) = postSolution
		SolutionGuid = {C10F9CCF-23D6-4805-84C5-EF174B687D90}
	EndGlobalSection
EndGlobal
